{
  "version": 1,
  "dependencies": {
    ".NETFramework,Version=v4.8": {
      "ini-parser": {
        "type": "Direct",
        "requested": "[2.5.2, )",
        "resolved": "2.5.2",
        "contentHash": "hp3gKmC/14+6eKLgv7Jd1Z7OV86lO+tNfOXr/stQbwmRhdQuXVSvrRAuAe7G5+lwhkov0XkqZ8/bn1PYWMx6eg=="
      },
      "KoKo": {
        "type": "Direct",
        "requested": "[2.4.0-beta.1, )",
        "resolved": "2.4.0-beta.1",
        "contentHash": "C8qsH8JptAO3gYhX49DffXx25Qd1tBrE5sfMFsV23HdCeTYG1zxNb5XnERAw55i2fyT5wTPtSdTZeEMSjrv7kw=="
      },
      "NLog": {
        "type": "Direct",
        "requested": "[6.1.4, )",
        "resolved": "6.1.4",
        "contentHash": "ft6Lv17uoFuHTGWiY47FEXH7VA5HMHp973zodaOZAJyFg6mHL9RdXjqdNkRJXFo5plQJR+LPt5e6aAZU8KSDog=="
      },
      "Plugins": {
        "type": "Direct",
        "requested": "[0.0.0-beta.8, )",
        "resolved": "0.0.0-beta.8",
        "contentHash": "bxfCv5c1lP+8EOO6ytoF+ZfqbYzbhBHtOmwbXRepWfh9hq8k+wHGs37xfVcZ2mIJqqHjHjt0etAqtqFl30qlsQ=="
      },
      "PortForwardingService.Abstractions": {
        "type": "Direct",
        "requested": "[0.0.1, )",
        "resolved": "0.0.1",
        "contentHash": "bDz24eq2n90We5TqMq+WEkvjMpCSopoXNy3I2Mv2H/b2xWeD1U/VH1fe0nEePo7haYhIxetjHB8ajVOAv+w4Jg=="
      },
      "qBittorrentApiClient": {
        "type": "Direct",
        "requested": "[0.0.5, )",
        "resolved": "0.0.5",
        "contentHash": "VdcxW1PjLfG+/QjE581jHdS/1cQplpiJpyUS9hN2XRDScyX5KMMNeU0/voD/s8kVFCs3/LH03gQMoV+b0QjyIw==",
        "dependencies": {
          "System.Text.Json": "10.0.6",
          "Unfucked.HTTP": "0.0.1-beta.30"
        }
      },
      "System.Memory": {
        "type": "Direct",
        "requested": "[4.6.3, )",
        "resolved": "4.6.3",
        "contentHash": "qdcDOgnFZY40+Q9876JUHnlHu7bosOHX8XISRoH94fwk6hgaeQGSgfZd8srWRZNt5bV9ZW2TljcegDNxsf+96A==",
        "dependencies": {
          "System.Buffers": "4.6.1",
          "System.Numerics.Vectors": "4.6.1",
          "System.Runtime.CompilerServices.Unsafe": "6.1.2"
        }
      },
      "System.Threading.Tasks.Extensions": {
        "type": "Direct",
        "requested": "[4.6.3, )",
        "resolved": "4.6.3",
        "contentHash": "7sCiwilJLYbTZELaKnc7RecBBXWXA+xMLQWZKWawBxYjp6DBlSE3v9/UcvKBvr1vv2tTOhipiogM8rRmxlhrVA==",
        "dependencies": {
          "System.Runtime.CompilerServices.Unsafe": "6.1.2"
        }
      },
      "Unfucked": {
        "type": "Direct",
        "requested": "[0.0.1-beta.49, )",
        "resolved": "0.0.1-beta.49",
        "contentHash": "NXwIXSzwBZEnljKtRFGHmSjQuhF0Y6Xe7o7wAcrAkgP7JhD0YTu2fw4hGoJfullt7DwNCz52Q4iil7k62aD1sw==",
        "dependencies": {
          "Microsoft.Bcl.AsyncInterfaces": "8.0.0",
          "System.Collections.Immutable": "8.0.0"
        }
      },
      "WindowsFirewallHelper": {
        "type": "Direct",
        "requested": "[2.2.0.86, )",
        "resolved": "2.2.0.86",
        "contentHash": "JJMij2ODxm2xPiG4rRuolk9Pgb48LEr+Eku1BQyhJHn5uH/TmI5CMAQuVtFbD691/emzsuNwvnYVg5bg7ohkfw=="
      },
      "Microsoft.Bcl.AsyncInterfaces": {
        "type": "Transitive",
        "resolved": "10.0.6",
        "contentHash": "Os4eB/5WwgiBoFpOmQjEpo8sbFzbWrONvfqK52E7pl4YQoIWFlyeWdOxxxPMHNYFCDD3biT5NzDzNZCo/6kDLw==",
        "dependencies": {
          "System.Threading.Tasks.Extensions": "4.6.3"
        }
      },
      "System.Buffers": {
        "type": "Transitive",
        "resolved": "4.6.1",
        "contentHash": "N8GXpmiLMtljq7gwvyS+1QvKT/W2J8sNAvx+HVg4NGmsG/H+2k/y9QI23auLJRterrzCiDH+IWAw4V/GPwsMlw=="
      },
      "System.Collections.Immutable": {
        "type": "Transitive",
        "resolved": "8.0.0",
        "contentHash": "AurL6Y5BA1WotzlEvVaIDpqzpIPvYnnldxru8oXJU2yFxFUy3+pNXjXd1ymO+RA0rq0+590Q8gaz2l3Sr7fmqg==",
        "dependencies": {
          "System.Memory": "4.5.5",
          "System.Runtime.CompilerServices.Unsafe": "6.0.0"
        }
      },
      "System.IO.Pipelines": {
        "type": "Transitive",
        "resolved": "10.0.6",
        "contentHash": "98dV8iAMdOzlB7iZ8OOJ3Wj/LNMV+x2c0DCM4EyFEz/kEVmB1+49HwnocY703amF2BguoZZXk4t3lPSfbcHOgA==",
        "dependencies": {
          "System.Buffers": "4.6.1",
          "System.Memory": "4.6.3",
          "System.Threading.Tasks.Extensions": "4.6.3"
        }
      },
      "System.Numerics.Vectors": {
        "type": "Transitive",
        "resolved": "4.6.1",
        "contentHash": "sQxefTnhagrhoq2ReR0D/6K0zJcr9Hrd6kikeXsA1I8kOCboTavcUC4r7TSfpKFeE163uMuxZcyfO1mGO3EN8Q=="
      },
      "System.Runtime.CompilerServices.Unsafe": {
        "type": "Transitive",
        "resolved": "6.1.2",
        "contentHash": "2hBr6zdbIBTDE3EhK7NSVNdX58uTK6iHW/P/Axmm9sl1xoGSLqDvMtpecn226TNwHByFokYwJmt/aQQNlO5CRw=="
      },
      "System.Text.Encodings.Web": {
        "type": "Transitive",
        "resolved": "10.0.6",
        "contentHash": "o7zWD39jHesxpHyMSWAf+CjM+NaEIV49IJ8tasAsnaVkRcLP33+5aobgxeKLJRLQQfeciO7BbW5vXCUMzPoU6w==",
        "dependencies": {
          "System.Buffers": "4.6.1",
          "System.Memory": "4.6.3",
          "System.Runtime.CompilerServices.Unsafe": "6.1.2"
        }
      },
      "System.Text.Json": {
        "type": "Transitive",
        "resolved": "10.0.6",
        "contentHash": "eU/JSsGWpQPE+rkBJjFjsmtaPsu1kCLqFYeW3NS715+z/dP2/BsCl6R7BFGcjhg+rm5WHblllC3p7QS+sS3HtA==",
        "dependencies": {
          "Microsoft.Bcl.AsyncInterfaces": "10.0.6",
          "System.Buffers": "4.6.1",
          "System.IO.Pipelines": "10.0.6",
          "System.Memory": "4.6.3",
          "System.Runtime.CompilerServices.Unsafe": "6.1.2",
          "System.Text.Encodings.Web": "10.0.6",
          "System.Threading.Tasks.Extensions": "4.6.3",
          "System.ValueTuple": "4.6.2"
        }
      },
      "System.ValueTuple": {
        "type": "Transitive",
        "resolved": "4.6.2",
        "contentHash": "yQgmjfFximrNm9LIV3mL6T5MzjeC+epeE5rl4hXxAlYmxby7RM1dPSkIKXk9HNkl6G54h2JHOmLD46+Pey+IRg=="
      },
      "Unfucked.HTTP": {
        "type": "Transitive",
        "resolved": "0.0.1-beta.30",
        "contentHash": "fxy4YbkQuKMopnRaPdwMT3y2jDzz0okL/Ia+4yXbNKChDn2rLxS0Fe8rIIjDGBNLlfOW/zWcc9v0t7bxf3jHTw==",
        "dependencies": {
          "System.Text.Json": "8.0.6",
          "Unfucked": "0.0.1-beta.40"
        }
      }
    },
    ".NETFramework,Version=v4.8/win": {},
    ".NETFramework,Version=v4.8/win-arm64": {},
    ".NETFramework,Version=v4.8/win-x64": {},
    ".NETFramework,Version=v4.8/win-x86": {}
  }
}